{
  "name": "hongreed-util-test",
  "version": "1.0.1",
  "lockfileVersion": 3,
  "requires": true,
  "packages": {
    "": {
      "name": "hongreed-util-test",
      "version": "1.0.1",
      "license": "ISC",
      "dependencies": {
        "bundle-test": "^1.0.3",
        "bundler-test": "^0.2.7"
      }
    },
    "node_modules/.pnpm/hogreed-utils@1.0.2/node_modules/hogreed-utils": {
      "version": "1.0.2",
      "extraneous": true,
      "license": "ISC"
    },
    "node_modules/.pnpm/rollup-test-hong@0.0.5/node_modules/rollup-test-hong": {
      "version": "0.0.5",
      "extraneous": true,
      "license": "ISC",
      "devDependencies": {
        "@rollup/plugin-node-resolve": "^15.2.3",
        "rollup": "^4.3.0",
        "rollup-plugin-typescript2": "^0.36.0",
        "typescript": "^5.2.2"
      }
    },
    "node_modules/bundle-test": {
      "version": "1.0.3",
      "resolved": "https://registry.npmjs.org/bundle-test/-/bundle-test-1.0.3.tgz",
      "integrity": "sha512-vd0tiA4byyOVvf8Wd49jqZ927tDfbz/0z6tyGJPNtPPYV9ZCduiH40UIGpI7uGNu9s1ACR9b3BwtJUsDb3mcdw==",
      "bundleDependencies": [
        "react"
      ],
      "dependencies": {
        "react": "^15.5.4"
      }
    },
    "node_modules/bundle-test/node_modules/asap": {
      "version": "2.0.5",
      "inBundle": true,
      "license": "MIT"
    },
    "node_modules/bundle-test/node_modules/core-js": {
      "version": "1.2.7",
      "inBundle": true,
      "license": "MIT"
    },
    "node_modules/bundle-test/node_modules/encoding": {
      "version": "0.1.12",
      "inBundle": true,
      "license": "MIT",
      "dependencies": {
        "iconv-lite": "~0.4.13"
      }
    },
    "node_modules/bundle-test/node_modules/fbjs": {
      "version": "0.8.12",
      "inBundle": true,
      "license": "BSD-3-Clause",
      "dependencies": {
        "core-js": "^1.0.0",
        "isomorphic-fetch": "^2.1.1",
        "loose-envify": "^1.0.0",
        "object-assign": "^4.1.0",
        "promise": "^7.1.1",
        "setimmediate": "^1.0.5",
        "ua-parser-js": "^0.7.9"
      }
    },
    "node_modules/bundle-test/node_modules/iconv-lite": {
      "version": "0.4.17",
      "inBundle": true,
      "license": "MIT",
      "engines": {
        "node": ">=0.10.0"
      }
    },
    "node_modules/bundle-test/node_modules/is-stream": {
      "version": "1.1.0",
      "inBundle": true,
      "license": "MIT",
      "engines": {
        "node": ">=0.10.0"
      }
    },
    "node_modules/bundle-test/node_modules/isomorphic-fetch": {
      "version": "2.2.1",
      "inBundle": true,
      "license": "MIT",
      "dependencies": {
        "node-fetch": "^1.0.1",
        "whatwg-fetch": ">=0.10.0"
      }
    },
    "node_modules/bundle-test/node_modules/js-tokens": {
      "version": "3.0.1",
      "inBundle": true,
      "license": "MIT"
    },
    "node_modules/bundle-test/node_modules/loose-envify": {
      "version": "1.3.1",
      "inBundle": true,
      "license": "MIT",
      "dependencies": {
        "js-tokens": "^3.0.0"
      },
      "bin": {
        "loose-envify": "cli.js"
      }
    },
    "node_modules/bundle-test/node_modules/node-fetch": {
      "version": "1.6.3",
      "inBundle": true,
      "license": "MIT",
      "dependencies": {
        "encoding": "^0.1.11",
        "is-stream": "^1.0.1"
      }
    },
    "node_modules/bundle-test/node_modules/object-assign": {
      "version": "4.1.1",
      "inBundle": true,
      "license": "MIT",
      "engines": {
        "node": ">=0.10.0"
      }
    },
    "node_modules/bundle-test/node_modules/promise": {
      "version": "7.1.1",
      "inBundle": true,
      "license": "MIT",
      "dependencies": {
        "asap": "~2.0.3"
      }
    },
    "node_modules/bundle-test/node_modules/prop-types": {
      "version": "15.5.8",
      "inBundle": true,
      "license": "BSD-3-Clause",
      "dependencies": {
        "fbjs": "^0.8.9"
      }
    },
    "node_modules/bundle-test/node_modules/react": {
      "version": "15.5.4",
      "inBundle": true,
      "license": "BSD-3-Clause",
      "dependencies": {
        "fbjs": "^0.8.9",
        "loose-envify": "^1.1.0",
        "object-assign": "^4.1.0",
        "prop-types": "^15.5.7"
      },
      "engines": {
        "node": ">=0.10.0"
      }
    },
    "node_modules/bundle-test/node_modules/setimmediate": {
      "version": "1.0.5",
      "inBundle": true,
      "license": "MIT"
    },
    "node_modules/bundle-test/node_modules/ua-parser-js": {
      "version": "0.7.12",
      "inBundle": true,
      "license": "(GPL-2.0 OR MIT)",
      "engines": {
        "node": "*"
      }
    },
    "node_modules/bundle-test/node_modules/whatwg-fetch": {
      "version": "2.0.3",
      "inBundle": true,
      "license": "MIT"
    },
    "node_modules/bundler-test": {
      "version": "0.2.7",
      "resolved": "https://registry.npmjs.org/bundler-test/-/bundler-test-0.2.7.tgz",
      "integrity": "sha512-AIt8HOvO0++JKhI2enOkFZ7zQX6hdafsZOzkJIb9XIrcbSQUD13UJQQczC40JAfcPmsn8NimZ12/jux5yobHOA=="
    }
  }
}
