lockfileVersion: '6.0'

settings:
  autoInstallPeers: true
  excludeLinksFromLockfile: false

dependencies:
  bundler-test:
    specifier: ^0.1.1
    version: 0.1.1

packages:

  /bundler-test@0.1.1:
    resolution: {integrity: sha512-seSCiskxlPNEr385YJ6dzlWer/zYwwJ+fNHP+sQf9mMpNyjJpzMQm+rAYBSM4iG6jsfdzojJFRCMZ0d0da5kMw==}
    dev: false
